
Microsoft Visual Studio Solution File, Format Version 12.00
# Visual Studio Version 16
VisualStudioVersion = 16.0.29728.190
MinimumVisualStudioVersion = 10.0.40219.1
Project("{FAE04EC0-301F-11D3-BF4B-00C04F79EFBC}") = "WinformNaviDemo", "WinformNaviDemo\WinformNaviDemo.csproj", "{DAFC12FF-6FAA-45EC-9C7C-0310A3979B05}"
EndProject
Global
	GlobalSection(SolutionConfigurationPlatforms) = preSolution
		Debug|Any CPU = Debug|Any CPU
		Release|Any CPU = Release|Any CPU
	EndGlobalSection
	GlobalSection(ProjectConfigurationPlatforms) = postSolution
		{DAFC12FF-6FAA-45EC-9C7C-0310A3979B05}.Debug|Any CPU.ActiveCfg = Debug|Any CPU
		{DAFC12FF-6FAA-45EC-9C7C-0310A3979B05}.Debug|Any CPU.Build.0 = Debug|Any CPU
		{DAFC12FF-6FAA-45EC-9C7C-0310A3979B05}.Release|Any CPU.ActiveCfg = Release|Any CPU
		{DAFC12FF-6FAA-45EC-9C7C-0310A3979B05}.Release|Any CPU.Build.0 = Release|Any CPU
	EndGlobalSection
	GlobalSection(SolutionProperties) = preSolution
		HideSolutionNode = FALSE
	EndGlobalSection
	GlobalSection(ExtensibilityGlobals) = postSolution
		SolutionGuid = {C7887FF7-7DCE-49A8-B181-81FA3AEC5959}
	EndGlobalSection
EndGlobal
